
Microsoft Visual Studio Solution File, Format Version 12.00
# Visual Studio Version 16
VisualStudioVersion = 16.0.32413.511
MinimumVisualStudioVersion = 10.0.40219.1
Project("{9A19103F-16F7-4668-BE54-9A1E7A4F7556}") = "Entidades", "Entidades\Entidades.csproj", "{33BB7EBE-936A-45EB-814E-115CC47CCE4F}"
EndProject
Project("{9A19103F-16F7-4668-BE54-9A1E7A4F7556}") = "FrmAtencion", "FrmAtencion\FrmAtencion.csproj", "{97AFFEFD-CE00-4DC2-A62D-BE7E608F4AE1}"
EndProject
Global
	GlobalSection(SolutionConfigurationPlatforms) = preSolution
		Debug|Any CPU = Debug|Any CPU
		Release|Any CPU = Release|Any CPU
	EndGlobalSection
	GlobalSection(ProjectConfigurationPlatforms) = postSolution
		{33BB7EBE-936A-45EB-814E-115CC47CCE4F}.Debug|Any CPU.ActiveCfg = Debug|Any CPU
		{33BB7EBE-936A-45EB-814E-115CC47CCE4F}.Debug|Any CPU.Build.0 = Debug|Any CPU
		{33BB7EBE-936A-45EB-814E-115CC47CCE4F}.Release|Any CPU.ActiveCfg = Release|Any CPU
		{33BB7EBE-936A-45EB-814E-115CC47CCE4F}.Release|Any CPU.Build.0 = Release|Any CPU
		{97AFFEFD-CE00-4DC2-A62D-BE7E608F4AE1}.Debug|Any CPU.ActiveCfg = Debug|Any CPU
		{97AFFEFD-CE00-4DC2-A62D-BE7E608F4AE1}.Debug|Any CPU.Build.0 = Debug|Any CPU
		{97AFFEFD-CE00-4DC2-A62D-BE7E608F4AE1}.Release|Any CPU.ActiveCfg = Release|Any CPU
		{97AFFEFD-CE00-4DC2-A62D-BE7E608F4AE1}.Release|Any CPU.Build.0 = Release|Any CPU
	EndGlobalSection
	GlobalSection(SolutionProperties) = preSolution
		HideSolutionNode = FALSE
	EndGlobalSection
	GlobalSection(ExtensibilityGlobals) = postSolution
		SolutionGuid = {15781ABC-7620-4B61-A2B4-717E75F4767D}
	EndGlobalSection
EndGlobal
